{
  "originHash" : "4ad8a9a806b0789623dc0d2c12c094421a020a75a93a2d3ee6a92673facdc424",
  "pins" : [
    {
      "identity" : "inject",
      "kind" : "remoteSourceControl",
      "location" : "https://github.com/krzysztofzablocki/Inject",
      "state" : {
        "revision" : "728c56639ecb3df441d51d5bc6747329afabcfc9",
        "version" : "1.5.2"
      }
    },
    {
      "identity" : "purchases-ios-spm",
      "kind" : "remoteSourceControl",
      "location" : "https://github.com/RevenueCat/purchases-ios-spm.git",
      "state" : {
        "revision" : "2913a336eb37dc06795cdbaa5b5de330b6707669",
        "version" : "5.65.0"
      }
    }
  ],
  "version" : 3
}
